// !$*UTF8*$!
{
	archiveVersion = 1;
	classes = {
	};
	objectVersion = 46;
	objects = {

/* Begin PBXBuildFile section */
		7D9BFCD015B93AA200F4000C /* UIKit.framework in Frameworks */ = {isa = PBXBuildFile; fileRef = 7D9BFCCF15B93AA200F4000C /* UIKit.framework */; };
		7D9BFCD215B93AA200F4000C /* Foundation.framework in Frameworks */ = {isa = PBXBuildFile; fileRef = 7D9BFCD115B93AA200F4000C /* Foundation.framework */; };
		7D9BFCD415B93AA200F4000C /* CoreGraphics.framework in Frameworks */ = {isa = PBXBuildFile; fileRef = 7D9BFCD315B93AA200F4000C /* CoreGraphics.framework */; };
		7D9BFCDA15B93AA200F4000C /* InfoPlist.strings in Resources */ = {isa = PBXBuildFile; fileRef = 7D9BFCD815B93AA200F4000C /* InfoPlist.strings */; };
		7D9BFCDC15B93AA200F4000C /* main.m in Sources */ = {isa = PBXBuildFile; fileRef = 7D9BFCDB15B93AA200F4000C /* main.m */; };
		7D9BFCE015B93AA200F4000C /* AppDelegate.m in Sources */ = {isa = PBXBuildFile; fileRef = 7D9BFCDF15B93AA200F4000C /* AppDelegate.m */; };
		7D9BFCE315B93AA200F4000C /* MasterViewController.m in Sources */ = {isa = PBXBuildFile; fileRef = 7D9BFCE215B93AA200F4000C /* MasterViewController.m */; };
		7D9BFCE615B93AA200F4000C /* DetailViewController.m in Sources */ = {isa = PBXBuildFile; fileRef = 7D9BFCE515B93AA200F4000C /* DetailViewController.m */; };
		7D9BFCE915B93AA200F4000C /* MasterViewController.xib in Resources */ = {isa = PBXBuildFile; fileRef = 7D9BFCE715B93AA200F4000C /* MasterViewController.xib */; };
		7D9BFCEC15B93AA200F4000C /* DetailViewController.xib in Resources */ = {isa = PBXBuildFile; fileRef = 7D9BFCEA15B93AA200F4000C /* DetailViewController.xib */; };
/* End PBXBuildFile section */

/* Begin PBXFileReference section */
		7D9BFCCB15B93AA200F4000C /* masterView.app */ = {isa = PBXFileReference; explicitFileType = wrapper.application; includeInIndex = 0; path = masterView.app; sourceTree = BUILT_PRODUCTS_DIR; };
		7D9BFCCF15B93AA200F4000C /* UIKit.framework */ = {isa = PBXFileReference; lastKnownFileType = wrapper.framework; name = UIKit.framework; path = System/Library/Frameworks/UIKit.framework; sourceTree = SDKROOT; };
		7D9BFCD115B93AA200F4000C /* Foundation.framework */ = {isa = PBXFileReference; lastKnownFileType = wrapper.framework; name = Foundation.framework; path = System/Library/Frameworks/Foundation.framework; sourceTree = SDKROOT; };
		7D9BFCD315B93AA200F4000C /* CoreGraphics.framework */ = {isa = PBXFileReference; lastKnownFileType = wrapper.framework; name = CoreGraphics.framework; path = System/Library/Frameworks/CoreGraphics.framework; sourceTree = SDKROOT; };
		7D9BFCD715B93AA200F4000C /* masterView-Info.plist */ = {isa = PBXFileReference; lastKnownFileType = text.plist.xml; path = "masterView-Info.plist"; sourceTree = "<group>"; };
		7D9BFCD915B93AA200F4000C /* en */ = {isa = PBXFileReference; lastKnownFileType = text.plist.strings; name = en; path = en.lproj/InfoPlist.strings; sourceTree = "<group>"; };
		7D9BFCDB15B93AA200F4000C /* main.m */ = {isa = PBXFileReference; lastKnownFileType = sourcecode.c.objc; path = main.m; sourceTree = "<group>"; };
		7D9BFCDD15B93AA200F4000C /* masterView-Prefix.pch */ = {isa = PBXFileReference; lastKnownFileType = sourcecode.c.h; path = "masterView-Prefix.pch"; sourceTree = "<group>"; };
		7D9BFCDE15B93AA200F4000C /* AppDelegate.h */ = {isa = PBXFileReference; lastKnownFileType = sourcecode.c.h; path = AppDelegate.h; sourceTree = "<group>"; };
		7D9BFCDF15B93AA200F4000C /* AppDelegate.m */ = {isa = PBXFileReference; lastKnownFileType = sourcecode.c.objc; path = AppDelegate.m; sourceTree = "<group>"; };
		7D9BFCE115B93AA200F4000C /* MasterViewController.h */ = {isa = PBXFileReference; lastKnownFileType = sourcecode.c.h; path = MasterViewController.h; sourceTree = "<group>"; };
		7D9BFCE215B93AA200F4000C /* MasterViewController.m */ = {isa = PBXFileReference; lastKnownFileType = sourcecode.c.objc; path = MasterViewController.m; sourceTree = "<group>"; };
		7D9BFCE415B93AA200F4000C /* DetailViewController.h */ = {isa = PBXFileReference; lastKnownFileType = sourcecode.c.h; path = DetailViewController.h; sourceTree = "<group>"; };
		7D9BFCE515B93AA200F4000C /* DetailViewController.m */ = {isa = PBXFileReference; lastKnownFileType = sourcecode.c.objc; path = DetailViewController.m; sourceTree = "<group>"; };
		7D9BFCE815B93AA200F4000C /* en */ = {isa = PBXFileReference; lastKnownFileType = file.xib; name = en; path = en.lproj/MasterViewController.xib; sourceTree = "<group>"; };
		7D9BFCEB15B93AA200F4000C /* en */ = {isa = PBXFileReference; lastKnownFileType = file.xib; name = en; path = en.lproj/DetailViewController.xib; sourceTree = "<group>"; };
/* End PBXFileReference section */

/* Begin PBXFrameworksBuildPhase section */
		7D9BFCC815B93AA200F4000C /* Frameworks */ = {
			isa = PBXFrameworksBuildPhase;
			buildActionMask = 2147483647;
			files = (
				7D9BFCD015B93AA200F4000C /* UIKit.framework in Frameworks */,
				7D9BFCD215B93AA200F4000C /* Foundation.framework in Frameworks */,
				7D9BFCD415B93AA200F4000C /* CoreGraphics.framework in Frameworks */,
			);
			runOnlyForDeploymentPostprocessing = 0;
		};
/* End PBXFrameworksBuildPhase section */

/* Begin PBXGroup section */
		7D9BFCC015B93AA200F4000C = {
			isa = PBXGroup;
			children = (
				7D9BFCD515B93AA200F4000C /* masterView */,
				7D9BFCCE15B93AA200F4000C /* Frameworks */,
				7D9BFCCC15B93AA200F4000C /* Products */,
			);
			sourceTree = "<group>";
		};
		7D9BFCCC15B93AA200F4000C /* Products */ = {
			isa = PBXGroup;
			children = (
				7D9BFCCB15B93AA200F4000C /* masterView.app */,
			);
			name = Products;
			sourceTree = "<group>";
		};
		7D9BFCCE15B93AA200F4000C /* Frameworks */ = {
			isa = PBXGroup;
			children = (
				7D9BFCCF15B93AA200F4000C /* UIKit.framework */,
				7D9BFCD115B93AA200F4000C /* Foundation.framework */,
				7D9BFCD315B93AA200F4000C /* CoreGraphics.framework */,
			);
			name = Frameworks;
			sourceTree = "<group>";
		};
		7D9BFCD515B93AA200F4000C /* masterView */ = {
			isa = PBXGroup;
			children = (
				7D9BFCDE15B93AA200F4000C /* AppDelegate.h */,
				7D9BFCDF15B93AA200F4000C /* AppDelegate.m */,
				7D9BFCE115B93AA200F4000C /* MasterViewController.h */,
				7D9BFCE215B93AA200F4000C /* MasterViewController.m */,
				7D9BFCE415B93AA200F4000C /* DetailViewController.h */,
				7D9BFCE515B93AA200F4000C /* DetailViewController.m */,
				7D9BFCE715B93AA200F4000C /* MasterViewController.xib */,
				7D9BFCEA15B93AA200F4000C /* DetailViewController.xib */,
				7D9BFCD615B93AA200F4000C /* Supporting Files */,
			);
			path = masterView;
			sourceTree = "<group>";
		};
		7D9BFCD615B93AA200F4000C /* Supporting Files */ = {
			isa = PBXGroup;
			children = (
				7D9BFCD715B93AA200F4000C /* masterView-Info.plist */,
				7D9BFCD815B93AA200F4000C /* InfoPlist.strings */,
				7D9BFCDB15B93AA200F4000C /* main.m */,
				7D9BFCDD15B93AA200F4000C /* masterView-Prefix.pch */,
			);
			name = "Supporting Files";
			sourceTree = "<group>";
		};
/* End PBXGroup section */

/* Begin PBXNativeTarget section */
		7D9BFCCA15B93AA200F4000C /* masterView */ = {
			isa = PBXNativeTarget;
			buildConfigurationList = 7D9BFCEF15B93AA200F4000C /* Build configuration list for PBXNativeTarget "masterView" */;
			buildPhases = (
				7D9BFCC715B93AA200F4000C /* Sources */,
				7D9BFCC815B93AA200F4000C /* Frameworks */,
				7D9BFCC915B93AA200F4000C /* Resources */,
			);
			buildRules = (
			);
			dependencies = (
			);
			name = masterView;
			productName = masterView;
			productReference = 7D9BFCCB15B93AA200F4000C /* masterView.app */;
			productType = "com.apple.product-type.application";
		};
/* End PBXNativeTarget section */

/* Begin PBXProject section */
		7D9BFCC215B93AA200F4000C /* Project object */ = {
			isa = PBXProject;
			attributes = {
				LastUpgradeCheck = 0430;
			};
			buildConfigurationList = 7D9BFCC515B93AA200F4000C /* Build configuration list for PBXProject "masterView" */;
			compatibilityVersion = "Xcode 3.2";
			developmentRegion = English;
			hasScannedForEncodings = 0;
			knownRegions = (
				en,
			);
			mainGroup = 7D9BFCC015B93AA200F4000C;
			productRefGroup = 7D9BFCCC15B93AA200F4000C /* Products */;
			projectDirPath = "";
			projectRoot = "";
			targets = (
				7D9BFCCA15B93AA200F4000C /* masterView */,
			);
		};
/* End PBXProject section */

/* Begin PBXResourcesBuildPhase section */
		7D9BFCC915B93AA200F4000C /* Resources */ = {
			isa = PBXResourcesBuildPhase;
			buildActionMask = 2147483647;
			files = (
				7D9BFCDA15B93AA200F4000C /* InfoPlist.strings in Resources */,
				7D9BFCE915B93AA200F4000C /* MasterViewController.xib in Resources */,
				7D9BFCEC15B93AA200F4000C /* DetailViewController.xib in Resources */,
			);
			runOnlyForDeploymentPostprocessing = 0;
		};
/* End PBXResourcesBuildPhase section */

/* Begin PBXSourcesBuildPhase section */
		7D9BFCC715B93AA200F4000C /* Sources */ = {
			isa = PBXSourcesBuildPhase;
			buildActionMask = 2147483647;
			files = (
				7D9BFCDC15B93AA200F4000C /* main.m in Sources */,
				7D9BFCE015B93AA200F4000C /* AppDelegate.m in Sources */,
				7D9BFCE315B93AA200F4000C /* MasterViewController.m in Sources */,
				7D9BFCE615B93AA200F4000C /* DetailViewController.m in Sources */,
			);
			runOnlyForDeploymentPostprocessing = 0;
		};
/* End PBXSourcesBuildPhase section */

/* Begin PBXVariantGroup section */
		7D9BFCD815B93AA200F4000C /* InfoPlist.strings */ = {
			isa = PBXVariantGroup;
			children = (
				7D9BFCD915B93AA200F4000C /* en */,
			);
			name = InfoPlist.strings;
			sourceTree = "<group>";
		};
		7D9BFCE715B93AA200F4000C /* MasterViewController.xib */ = {
			isa = PBXVariantGroup;
			children = (
				7D9BFCE815B93AA200F4000C /* en */,
			);
			name = MasterViewController.xib;
			sourceTree = "<group>";
		};
		7D9BFCEA15B93AA200F4000C /* DetailViewController.xib */ = {
			isa = PBXVariantGroup;
			children = (
				7D9BFCEB15B93AA200F4000C /* en */,
			);
			name = DetailViewController.xib;
			sourceTree = "<group>";
		};
/* End PBXVariantGroup section */

/* Begin XCBuildConfiguration section */
		7D9BFCED15B93AA200F4000C /* Debug */ = {
			isa = XCBuildConfiguration;
			buildSettings = {
				ALWAYS_SEARCH_USER_PATHS = NO;
				ARCHS = "$(ARCHS_STANDARD_32_BIT)";
				"CODE_SIGN_IDENTITY[sdk=iphoneos*]" = "iPhone Developer";
				COPY_PHASE_STRIP = NO;
				GCC_C_LANGUAGE_STANDARD = gnu99;
				GCC_DYNAMIC_NO_PIC = NO;
				GCC_OPTIMIZATION_LEVEL = 0;
				GCC_PREPROCESSOR_DEFINITIONS = (
					"DEBUG=1",
					"$(inherited)",
				);
				GCC_SYMBOLS_PRIVATE_EXTERN = NO;
				GCC_VERSION = com.apple.compilers.llvm.clang.1_0;
				GCC_WARN_ABOUT_RETURN_TYPE = YES;
				GCC_WARN_UNINITIALIZED_AUTOS = YES;
				GCC_WARN_UNUSED_VARIABLE = YES;
				IPHONEOS_DEPLOYMENT_TARGET = 5.1;
				SDKROOT = iphoneos;
			};
			name = Debug;
		};
		7D9BFCEE15B93AA200F4000C /* Release */ = {
			isa = XCBuildConfiguration;
			buildSettings = {
				ALWAYS_SEARCH_USER_PATHS = NO;
				ARCHS = "$(ARCHS_STANDARD_32_BIT)";
				"CODE_SIGN_IDENTITY[sdk=iphoneos*]" = "iPhone Developer";
				COPY_PHASE_STRIP = YES;
				GCC_C_LANGUAGE_STANDARD = gnu99;
				GCC_VERSION = com.apple.compilers.llvm.clang.1_0;
				GCC_WARN_ABOUT_RETURN_TYPE = YES;
				GCC_WARN_UNINITIALIZED_AUTOS = YES;
				GCC_WARN_UNUSED_VARIABLE = YES;
				IPHONEOS_DEPLOYMENT_TARGET = 5.1;
				OTHER_CFLAGS = "-DNS_BLOCK_ASSERTIONS=1";
				SDKROOT = iphoneos;
				VALIDATE_PRODUCT = YES;
			};
			name = Release;
		};
		7D9BFCF015B93AA200F4000C /* Debug */ = {
			isa = XCBuildConfiguration;
			buildSettings = {
				GCC_PRECOMPILE_PREFIX_HEADER = YES;
				GCC_PREFIX_HEADER = "masterView/masterView-Prefix.pch";
				INFOPLIST_FILE = "masterView/masterView-Info.plist";
				PRODUCT_NAME = "$(TARGET_NAME)";
				WRAPPER_EXTENSION = app;
			};
			name = Debug;
		};
		7D9BFCF115B93AA200F4000C /* Release */ = {
			isa = XCBuildConfiguration;
			buildSettings = {
				GCC_PRECOMPILE_PREFIX_HEADER = YES;
				GCC_PREFIX_HEADER = "masterView/masterView-Prefix.pch";
				INFOPLIST_FILE = "masterView/masterView-Info.plist";
				PRODUCT_NAME = "$(TARGET_NAME)";
				WRAPPER_EXTENSION = app;
			};
			name = Release;
		};
/* End XCBuildConfiguration section */

/* Begin XCConfigurationList section */
		7D9BFCC515B93AA200F4000C /* Build configuration list for PBXProject "masterView" */ = {
			isa = XCConfigurationList;
			buildConfigurations = (
				7D9BFCED15B93AA200F4000C /* Debug */,
				7D9BFCEE15B93AA200F4000C /* Release */,
			);
			defaultConfigurationIsVisible = 0;
			defaultConfigurationName = Release;
		};
		7D9BFCEF15B93AA200F4000C /* Build configuration list for PBXNativeTarget "masterView" */ = {
			isa = XCConfigurationList;
			buildConfigurations = (
				7D9BFCF015B93AA200F4000C /* Debug */,
				7D9BFCF115B93AA200F4000C /* Release */,
			);
			defaultConfigurationIsVisible = 0;
		};
/* End XCConfigurationList section */
	};
	rootObject = 7D9BFCC215B93AA200F4000C /* Project object */;
}
