// !$*UTF8*$!
{
	archiveVersion = 1;
	classes = {
	};
	objectVersion = 46;
	objects = {

/* Begin PBXBuildFile section */
		7D9BFD0215B93B3000F4000C /* UIKit.framework in Frameworks */ = {isa = PBXBuildFile; fileRef = 7D9BFD0115B93B3000F4000C /* UIKit.framework */; };
		7D9BFD0415B93B3000F4000C /* Foundation.framework in Frameworks */ = {isa = PBXBuildFile; fileRef = 7D9BFD0315B93B3000F4000C /* Foundation.framework */; };
		7D9BFD0615B93B3000F4000C /* CoreGraphics.framework in Frameworks */ = {isa = PBXBuildFile; fileRef = 7D9BFD0515B93B3000F4000C /* CoreGraphics.framework */; };
		7D9BFD0C15B93B3000F4000C /* InfoPlist.strings in Resources */ = {isa = PBXBuildFile; fileRef = 7D9BFD0A15B93B3000F4000C /* InfoPlist.strings */; };
		7D9BFD0E15B93B3000F4000C /* main.m in Sources */ = {isa = PBXBuildFile; fileRef = 7D9BFD0D15B93B3000F4000C /* main.m */; };
		7D9BFD1215B93B3000F4000C /* AppDelegate.m in Sources */ = {isa = PBXBuildFile; fileRef = 7D9BFD1115B93B3000F4000C /* AppDelegate.m */; };
		7D9BFD1515B93B3100F4000C /* RootViewController.m in Sources */ = {isa = PBXBuildFile; fileRef = 7D9BFD1415B93B3100F4000C /* RootViewController.m */; };
		7D9BFD1815B93B3100F4000C /* DataViewController.m in Sources */ = {isa = PBXBuildFile; fileRef = 7D9BFD1715B93B3100F4000C /* DataViewController.m */; };
		7D9BFD1B15B93B3100F4000C /* ModelController.m in Sources */ = {isa = PBXBuildFile; fileRef = 7D9BFD1A15B93B3100F4000C /* ModelController.m */; };
		7D9BFD1E15B93B3100F4000C /* MainStoryboard.storyboard in Resources */ = {isa = PBXBuildFile; fileRef = 7D9BFD1C15B93B3100F4000C /* MainStoryboard.storyboard */; };
/* End PBXBuildFile section */

/* Begin PBXFileReference section */
		7D9BFCFD15B93B3000F4000C /* pageView.app */ = {isa = PBXFileReference; explicitFileType = wrapper.application; includeInIndex = 0; path = pageView.app; sourceTree = BUILT_PRODUCTS_DIR; };
		7D9BFD0115B93B3000F4000C /* UIKit.framework */ = {isa = PBXFileReference; lastKnownFileType = wrapper.framework; name = UIKit.framework; path = System/Library/Frameworks/UIKit.framework; sourceTree = SDKROOT; };
		7D9BFD0315B93B3000F4000C /* Foundation.framework */ = {isa = PBXFileReference; lastKnownFileType = wrapper.framework; name = Foundation.framework; path = System/Library/Frameworks/Foundation.framework; sourceTree = SDKROOT; };
		7D9BFD0515B93B3000F4000C /* CoreGraphics.framework */ = {isa = PBXFileReference; lastKnownFileType = wrapper.framework; name = CoreGraphics.framework; path = System/Library/Frameworks/CoreGraphics.framework; sourceTree = SDKROOT; };
		7D9BFD0915B93B3000F4000C /* pageView-Info.plist */ = {isa = PBXFileReference; lastKnownFileType = text.plist.xml; path = "pageView-Info.plist"; sourceTree = "<group>"; };
		7D9BFD0B15B93B3000F4000C /* en */ = {isa = PBXFileReference; lastKnownFileType = text.plist.strings; name = en; path = en.lproj/InfoPlist.strings; sourceTree = "<group>"; };
		7D9BFD0D15B93B3000F4000C /* main.m */ = {isa = PBXFileReference; lastKnownFileType = sourcecode.c.objc; path = main.m; sourceTree = "<group>"; };
		7D9BFD0F15B93B3000F4000C /* pageView-Prefix.pch */ = {isa = PBXFileReference; lastKnownFileType = sourcecode.c.h; path = "pageView-Prefix.pch"; sourceTree = "<group>"; };
		7D9BFD1015B93B3000F4000C /* AppDelegate.h */ = {isa = PBXFileReference; lastKnownFileType = sourcecode.c.h; path = AppDelegate.h; sourceTree = "<group>"; };
		7D9BFD1115B93B3000F4000C /* AppDelegate.m */ = {isa = PBXFileReference; lastKnownFileType = sourcecode.c.objc; path = AppDelegate.m; sourceTree = "<group>"; };
		7D9BFD1315B93B3000F4000C /* RootViewController.h */ = {isa = PBXFileReference; lastKnownFileType = sourcecode.c.h; path = RootViewController.h; sourceTree = "<group>"; };
		7D9BFD1415B93B3100F4000C /* RootViewController.m */ = {isa = PBXFileReference; lastKnownFileType = sourcecode.c.objc; path = RootViewController.m; sourceTree = "<group>"; };
		7D9BFD1615B93B3100F4000C /* DataViewController.h */ = {isa = PBXFileReference; lastKnownFileType = sourcecode.c.h; path = DataViewController.h; sourceTree = "<group>"; };
		7D9BFD1715B93B3100F4000C /* DataViewController.m */ = {isa = PBXFileReference; lastKnownFileType = sourcecode.c.objc; path = DataViewController.m; sourceTree = "<group>"; };
		7D9BFD1915B93B3100F4000C /* ModelController.h */ = {isa = PBXFileReference; lastKnownFileType = sourcecode.c.h; path = ModelController.h; sourceTree = "<group>"; };
		7D9BFD1A15B93B3100F4000C /* ModelController.m */ = {isa = PBXFileReference; lastKnownFileType = sourcecode.c.objc; path = ModelController.m; sourceTree = "<group>"; };
		7D9BFD1D15B93B3100F4000C /* en */ = {isa = PBXFileReference; lastKnownFileType = file.storyboard; name = en; path = en.lproj/MainStoryboard.storyboard; sourceTree = "<group>"; };
/* End PBXFileReference section */

/* Begin PBXFrameworksBuildPhase section */
		7D9BFCFA15B93B3000F4000C /* Frameworks */ = {
			isa = PBXFrameworksBuildPhase;
			buildActionMask = 2147483647;
			files = (
				7D9BFD0215B93B3000F4000C /* UIKit.framework in Frameworks */,
				7D9BFD0415B93B3000F4000C /* Foundation.framework in Frameworks */,
				7D9BFD0615B93B3000F4000C /* CoreGraphics.framework in Frameworks */,
			);
			runOnlyForDeploymentPostprocessing = 0;
		};
/* End PBXFrameworksBuildPhase section */

/* Begin PBXGroup section */
		7D9BFCF215B93B3000F4000C = {
			isa = PBXGroup;
			children = (
				7D9BFD0715B93B3000F4000C /* pageView */,
				7D9BFD0015B93B3000F4000C /* Frameworks */,
				7D9BFCFE15B93B3000F4000C /* Products */,
			);
			sourceTree = "<group>";
		};
		7D9BFCFE15B93B3000F4000C /* Products */ = {
			isa = PBXGroup;
			children = (
				7D9BFCFD15B93B3000F4000C /* pageView.app */,
			);
			name = Products;
			sourceTree = "<group>";
		};
		7D9BFD0015B93B3000F4000C /* Frameworks */ = {
			isa = PBXGroup;
			children = (
				7D9BFD0115B93B3000F4000C /* UIKit.framework */,
				7D9BFD0315B93B3000F4000C /* Foundation.framework */,
				7D9BFD0515B93B3000F4000C /* CoreGraphics.framework */,
			);
			name = Frameworks;
			sourceTree = "<group>";
		};
		7D9BFD0715B93B3000F4000C /* pageView */ = {
			isa = PBXGroup;
			children = (
				7D9BFD1015B93B3000F4000C /* AppDelegate.h */,
				7D9BFD1115B93B3000F4000C /* AppDelegate.m */,
				7D9BFD1315B93B3000F4000C /* RootViewController.h */,
				7D9BFD1415B93B3100F4000C /* RootViewController.m */,
				7D9BFD1615B93B3100F4000C /* DataViewController.h */,
				7D9BFD1715B93B3100F4000C /* DataViewController.m */,
				7D9BFD1915B93B3100F4000C /* ModelController.h */,
				7D9BFD1A15B93B3100F4000C /* ModelController.m */,
				7D9BFD1C15B93B3100F4000C /* MainStoryboard.storyboard */,
				7D9BFD0815B93B3000F4000C /* Supporting Files */,
			);
			path = pageView;
			sourceTree = "<group>";
		};
		7D9BFD0815B93B3000F4000C /* Supporting Files */ = {
			isa = PBXGroup;
			children = (
				7D9BFD0915B93B3000F4000C /* pageView-Info.plist */,
				7D9BFD0A15B93B3000F4000C /* InfoPlist.strings */,
				7D9BFD0D15B93B3000F4000C /* main.m */,
				7D9BFD0F15B93B3000F4000C /* pageView-Prefix.pch */,
			);
			name = "Supporting Files";
			sourceTree = "<group>";
		};
/* End PBXGroup section */

/* Begin PBXNativeTarget section */
		7D9BFCFC15B93B3000F4000C /* pageView */ = {
			isa = PBXNativeTarget;
			buildConfigurationList = 7D9BFD2115B93B3100F4000C /* Build configuration list for PBXNativeTarget "pageView" */;
			buildPhases = (
				7D9BFCF915B93B3000F4000C /* Sources */,
				7D9BFCFA15B93B3000F4000C /* Frameworks */,
				7D9BFCFB15B93B3000F4000C /* Resources */,
			);
			buildRules = (
			);
			dependencies = (
			);
			name = pageView;
			productName = pageView;
			productReference = 7D9BFCFD15B93B3000F4000C /* pageView.app */;
			productType = "com.apple.product-type.application";
		};
/* End PBXNativeTarget section */

/* Begin PBXProject section */
		7D9BFCF415B93B3000F4000C /* Project object */ = {
			isa = PBXProject;
			attributes = {
				LastUpgradeCheck = 0430;
			};
			buildConfigurationList = 7D9BFCF715B93B3000F4000C /* Build configuration list for PBXProject "pageView" */;
			compatibilityVersion = "Xcode 3.2";
			developmentRegion = English;
			hasScannedForEncodings = 0;
			knownRegions = (
				en,
			);
			mainGroup = 7D9BFCF215B93B3000F4000C;
			productRefGroup = 7D9BFCFE15B93B3000F4000C /* Products */;
			projectDirPath = "";
			projectRoot = "";
			targets = (
				7D9BFCFC15B93B3000F4000C /* pageView */,
			);
		};
/* End PBXProject section */

/* Begin PBXResourcesBuildPhase section */
		7D9BFCFB15B93B3000F4000C /* Resources */ = {
			isa = PBXResourcesBuildPhase;
			buildActionMask = 2147483647;
			files = (
				7D9BFD0C15B93B3000F4000C /* InfoPlist.strings in Resources */,
				7D9BFD1E15B93B3100F4000C /* MainStoryboard.storyboard in Resources */,
			);
			runOnlyForDeploymentPostprocessing = 0;
		};
/* End PBXResourcesBuildPhase section */

/* Begin PBXSourcesBuildPhase section */
		7D9BFCF915B93B3000F4000C /* Sources */ = {
			isa = PBXSourcesBuildPhase;
			buildActionMask = 2147483647;
			files = (
				7D9BFD0E15B93B3000F4000C /* main.m in Sources */,
				7D9BFD1215B93B3000F4000C /* AppDelegate.m in Sources */,
				7D9BFD1515B93B3100F4000C /* RootViewController.m in Sources */,
				7D9BFD1815B93B3100F4000C /* DataViewController.m in Sources */,
				7D9BFD1B15B93B3100F4000C /* ModelController.m in Sources */,
			);
			runOnlyForDeploymentPostprocessing = 0;
		};
/* End PBXSourcesBuildPhase section */

/* Begin PBXVariantGroup section */
		7D9BFD0A15B93B3000F4000C /* InfoPlist.strings */ = {
			isa = PBXVariantGroup;
			children = (
				7D9BFD0B15B93B3000F4000C /* en */,
			);
			name = InfoPlist.strings;
			sourceTree = "<group>";
		};
		7D9BFD1C15B93B3100F4000C /* MainStoryboard.storyboard */ = {
			isa = PBXVariantGroup;
			children = (
				7D9BFD1D15B93B3100F4000C /* en */,
			);
			name = MainStoryboard.storyboard;
			sourceTree = "<group>";
		};
/* End PBXVariantGroup section */

/* Begin XCBuildConfiguration section */
		7D9BFD1F15B93B3100F4000C /* Debug */ = {
			isa = XCBuildConfiguration;
			buildSettings = {
				ALWAYS_SEARCH_USER_PATHS = NO;
				ARCHS = "$(ARCHS_STANDARD_32_BIT)";
				"CODE_SIGN_IDENTITY[sdk=iphoneos*]" = "iPhone Developer";
				COPY_PHASE_STRIP = NO;
				GCC_C_LANGUAGE_STANDARD = gnu99;
				GCC_DYNAMIC_NO_PIC = NO;
				GCC_OPTIMIZATION_LEVEL = 0;
				GCC_PREPROCESSOR_DEFINITIONS = (
					"DEBUG=1",
					"$(inherited)",
				);
				GCC_SYMBOLS_PRIVATE_EXTERN = NO;
				GCC_VERSION = com.apple.compilers.llvm.clang.1_0;
				GCC_WARN_ABOUT_RETURN_TYPE = YES;
				GCC_WARN_UNINITIALIZED_AUTOS = YES;
				GCC_WARN_UNUSED_VARIABLE = YES;
				IPHONEOS_DEPLOYMENT_TARGET = 5.1;
				SDKROOT = iphoneos;
			};
			name = Debug;
		};
		7D9BFD2015B93B3100F4000C /* Release */ = {
			isa = XCBuildConfiguration;
			buildSettings = {
				ALWAYS_SEARCH_USER_PATHS = NO;
				ARCHS = "$(ARCHS_STANDARD_32_BIT)";
				"CODE_SIGN_IDENTITY[sdk=iphoneos*]" = "iPhone Developer";
				COPY_PHASE_STRIP = YES;
				GCC_C_LANGUAGE_STANDARD = gnu99;
				GCC_VERSION = com.apple.compilers.llvm.clang.1_0;
				GCC_WARN_ABOUT_RETURN_TYPE = YES;
				GCC_WARN_UNINITIALIZED_AUTOS = YES;
				GCC_WARN_UNUSED_VARIABLE = YES;
				IPHONEOS_DEPLOYMENT_TARGET = 5.1;
				OTHER_CFLAGS = "-DNS_BLOCK_ASSERTIONS=1";
				SDKROOT = iphoneos;
				VALIDATE_PRODUCT = YES;
			};
			name = Release;
		};
		7D9BFD2215B93B3100F4000C /* Debug */ = {
			isa = XCBuildConfiguration;
			buildSettings = {
				GCC_PRECOMPILE_PREFIX_HEADER = YES;
				GCC_PREFIX_HEADER = "pageView/pageView-Prefix.pch";
				INFOPLIST_FILE = "pageView/pageView-Info.plist";
				PRODUCT_NAME = "$(TARGET_NAME)";
				WRAPPER_EXTENSION = app;
			};
			name = Debug;
		};
		7D9BFD2315B93B3100F4000C /* Release */ = {
			isa = XCBuildConfiguration;
			buildSettings = {
				GCC_PRECOMPILE_PREFIX_HEADER = YES;
				GCC_PREFIX_HEADER = "pageView/pageView-Prefix.pch";
				INFOPLIST_FILE = "pageView/pageView-Info.plist";
				PRODUCT_NAME = "$(TARGET_NAME)";
				WRAPPER_EXTENSION = app;
			};
			name = Release;
		};
/* End XCBuildConfiguration section */

/* Begin XCConfigurationList section */
		7D9BFCF715B93B3000F4000C /* Build configuration list for PBXProject "pageView" */ = {
			isa = XCConfigurationList;
			buildConfigurations = (
				7D9BFD1F15B93B3100F4000C /* Debug */,
				7D9BFD2015B93B3100F4000C /* Release */,
			);
			defaultConfigurationIsVisible = 0;
			defaultConfigurationName = Release;
		};
		7D9BFD2115B93B3100F4000C /* Build configuration list for PBXNativeTarget "pageView" */ = {
			isa = XCConfigurationList;
			buildConfigurations = (
				7D9BFD2215B93B3100F4000C /* Debug */,
				7D9BFD2315B93B3100F4000C /* Release */,
			);
			defaultConfigurationIsVisible = 0;
		};
/* End XCConfigurationList section */
	};
	rootObject = 7D9BFCF415B93B3000F4000C /* Project object */;
}
